// !$*UTF8*$!
{
	archiveVersion = 1;
	classes = {
	};
	objectVersion = 46;
	objects = {

/* Begin PBXBuildFile section */
		A4482E6C1C032E07005ED555 /* AppDelegate.swift in Sources */ = {isa = PBXBuildFile; fileRef = A4482E6B1C032E07005ED555 /* AppDelegate.swift */; };
		A4482E6E1C032E07005ED555 /* ViewController.swift in Sources */ = {isa = PBXBuildFile; fileRef = A4482E6D1C032E07005ED555 /* ViewController.swift */; };
		A4482E711C032E07005ED555 /* Main.storyboard in Resources */ = {isa = PBXBuildFile; fileRef = A4482E6F1C032E07005ED555 /* Main.storyboard */; };
		A4482E731C032E07005ED555 /* Assets.xcassets in Resources */ = {isa = PBXBuildFile; fileRef = A4482E721C032E07005ED555 /* Assets.xcassets */; };
		A4482E761C032E07005ED555 /* LaunchScreen.storyboard in Resources */ = {isa = PBXBuildFile; fileRef = A4482E741C032E07005ED555 /* LaunchScreen.storyboard */; };
		A4482E7E1C032FCE005ED555 /* TransparentNaviBarViewController.swift in Sources */ = {isa = PBXBuildFile; fileRef = A4482E7D1C032FCE005ED555 /* TransparentNaviBarViewController.swift */; };
		A4482E801C03F157005ED555 /* AdjustableNaviBarViewController.swift in Sources */ = {isa = PBXBuildFile; fileRef = A4482E7F1C03F157005ED555 /* AdjustableNaviBarViewController.swift */; };
		A4482E821C04025F005ED555 /* UINavigationBar_extension.swift in Sources */ = {isa = PBXBuildFile; fileRef = A4482E811C04025F005ED555 /* UINavigationBar_extension.swift */; };
/* End PBXBuildFile section */

/* Begin PBXFileReference section */
		A4482E681C032E07005ED555 /* AdjustableNavigationBar.app */ = {isa = PBXFileReference; explicitFileType = wrapper.application; includeInIndex = 0; path = AdjustableNavigationBar.app; sourceTree = BUILT_PRODUCTS_DIR; };
		A4482E6B1C032E07005ED555 /* AppDelegate.swift */ = {isa = PBXFileReference; lastKnownFileType = sourcecode.swift; path = AppDelegate.swift; sourceTree = "<group>"; };
		A4482E6D1C032E07005ED555 /* ViewController.swift */ = {isa = PBXFileReference; lastKnownFileType = sourcecode.swift; path = ViewController.swift; sourceTree = "<group>"; };
		A4482E701C032E07005ED555 /* Base */ = {isa = PBXFileReference; lastKnownFileType = file.storyboard; name = Base; path = Base.lproj/Main.storyboard; sourceTree = "<group>"; };
		A4482E721C032E07005ED555 /* Assets.xcassets */ = {isa = PBXFileReference; lastKnownFileType = folder.assetcatalog; path = Assets.xcassets; sourceTree = "<group>"; };
		A4482E751C032E07005ED555 /* Base */ = {isa = PBXFileReference; lastKnownFileType = file.storyboard; name = Base; path = Base.lproj/LaunchScreen.storyboard; sourceTree = "<group>"; };
		A4482E771C032E07005ED555 /* Info.plist */ = {isa = PBXFileReference; lastKnownFileType = text.plist.xml; path = Info.plist; sourceTree = "<group>"; };
		A4482E7D1C032FCE005ED555 /* TransparentNaviBarViewController.swift */ = {isa = PBXFileReference; fileEncoding = 4; lastKnownFileType = sourcecode.swift; path = TransparentNaviBarViewController.swift; sourceTree = "<group>"; };
		A4482E7F1C03F157005ED555 /* AdjustableNaviBarViewController.swift */ = {isa = PBXFileReference; fileEncoding = 4; lastKnownFileType = sourcecode.swift; path = AdjustableNaviBarViewController.swift; sourceTree = "<group>"; };
		A4482E811C04025F005ED555 /* UINavigationBar_extension.swift */ = {isa = PBXFileReference; fileEncoding = 4; lastKnownFileType = sourcecode.swift; path = UINavigationBar_extension.swift; sourceTree = "<group>"; };
/* End PBXFileReference section */

/* Begin PBXFrameworksBuildPhase section */
		A4482E651C032E07005ED555 /* Frameworks */ = {
			isa = PBXFrameworksBuildPhase;
			buildActionMask = 2147483647;
			files = (
			);
			runOnlyForDeploymentPostprocessing = 0;
		};
/* End PBXFrameworksBuildPhase section */

/* Begin PBXGroup section */
		A4482E5F1C032E07005ED555 = {
			isa = PBXGroup;
			children = (
				A4482E6A1C032E07005ED555 /* AdjustableNavigationBar */,
				A4482E691C032E07005ED555 /* Products */,
			);
			sourceTree = "<group>";
		};
		A4482E691C032E07005ED555 /* Products */ = {
			isa = PBXGroup;
			children = (
				A4482E681C032E07005ED555 /* AdjustableNavigationBar.app */,
			);
			name = Products;
			sourceTree = "<group>";
		};
		A4482E6A1C032E07005ED555 /* AdjustableNavigationBar */ = {
			isa = PBXGroup;
			children = (
				A4482E6B1C032E07005ED555 /* AppDelegate.swift */,
				A4482E6D1C032E07005ED555 /* ViewController.swift */,
				A4482E7D1C032FCE005ED555 /* TransparentNaviBarViewController.swift */,
				A4482E7F1C03F157005ED555 /* AdjustableNaviBarViewController.swift */,
				A4482E811C04025F005ED555 /* UINavigationBar_extension.swift */,
				A4482E6F1C032E07005ED555 /* Main.storyboard */,
				A4482E721C032E07005ED555 /* Assets.xcassets */,
				A4482E741C032E07005ED555 /* LaunchScreen.storyboard */,
				A4482E771C032E07005ED555 /* Info.plist */,
			);
			path = AdjustableNavigationBar;
			sourceTree = "<group>";
		};
/* End PBXGroup section */

/* Begin PBXNativeTarget section */
		A4482E671C032E07005ED555 /* AdjustableNavigationBar */ = {
			isa = PBXNativeTarget;
			buildConfigurationList = A4482E7A1C032E07005ED555 /* Build configuration list for PBXNativeTarget "AdjustableNavigationBar" */;
			buildPhases = (
				A4482E641C032E07005ED555 /* Sources */,
				A4482E651C032E07005ED555 /* Frameworks */,
				A4482E661C032E07005ED555 /* Resources */,
			);
			buildRules = (
			);
			dependencies = (
			);
			name = AdjustableNavigationBar;
			productName = AdjustableNavigationBar;
			productReference = A4482E681C032E07005ED555 /* AdjustableNavigationBar.app */;
			productType = "com.apple.product-type.application";
		};
/* End PBXNativeTarget section */

/* Begin PBXProject section */
		A4482E601C032E07005ED555 /* Project object */ = {
			isa = PBXProject;
			attributes = {
				LastSwiftUpdateCheck = 0710;
				LastUpgradeCheck = 0710;
				ORGANIZATIONNAME = Broccoli;
				TargetAttributes = {
					A4482E671C032E07005ED555 = {
						CreatedOnToolsVersion = 7.1.1;
					};
				};
			};
			buildConfigurationList = A4482E631C032E07005ED555 /* Build configuration list for PBXProject "AdjustableNavigationBar" */;
			compatibilityVersion = "Xcode 3.2";
			developmentRegion = English;
			hasScannedForEncodings = 0;
			knownRegions = (
				en,
				Base,
			);
			mainGroup = A4482E5F1C032E07005ED555;
			productRefGroup = A4482E691C032E07005ED555 /* Products */;
			projectDirPath = "";
			projectRoot = "";
			targets = (
				A4482E671C032E07005ED555 /* AdjustableNavigationBar */,
			);
		};
/* End PBXProject section */

/* Begin PBXResourcesBuildPhase section */
		A4482E661C032E07005ED555 /* Resources */ = {
			isa = PBXResourcesBuildPhase;
			buildActionMask = 2147483647;
			files = (
				A4482E761C032E07005ED555 /* LaunchScreen.storyboard in Resources */,
				A4482E731C032E07005ED555 /* Assets.xcassets in Resources */,
				A4482E711C032E07005ED555 /* Main.storyboard in Resources */,
			);
			runOnlyForDeploymentPostprocessing = 0;
		};
/* End PBXResourcesBuildPhase section */

/* Begin PBXSourcesBuildPhase section */
		A4482E641C032E07005ED555 /* Sources */ = {
			isa = PBXSourcesBuildPhase;
			buildActionMask = 2147483647;
			files = (
				A4482E7E1C032FCE005ED555 /* TransparentNaviBarViewController.swift in Sources */,
				A4482E801C03F157005ED555 /* AdjustableNaviBarViewController.swift in Sources */,
				A4482E821C04025F005ED555 /* UINavigationBar_extension.swift in Sources */,
				A4482E6E1C032E07005ED555 /* ViewController.swift in Sources */,
				A4482E6C1C032E07005ED555 /* AppDelegate.swift in Sources */,
			);
			runOnlyForDeploymentPostprocessing = 0;
		};
/* End PBXSourcesBuildPhase section */

/* Begin PBXVariantGroup section */
		A4482E6F1C032E07005ED555 /* Main.storyboard */ = {
			isa = PBXVariantGroup;
			children = (
				A4482E701C032E07005ED555 /* Base */,
			);
			name = Main.storyboard;
			sourceTree = "<group>";
		};
		A4482E741C032E07005ED555 /* LaunchScreen.storyboard */ = {
			isa = PBXVariantGroup;
			children = (
				A4482E751C032E07005ED555 /* Base */,
			);
			name = LaunchScreen.storyboard;
			sourceTree = "<group>";
		};
/* End PBXVariantGroup section */

/* Begin XCBuildConfiguration section */
		A4482E781C032E07005ED555 /* Debug */ = {
			isa = XCBuildConfiguration;
			buildSettings = {
				ALWAYS_SEARCH_USER_PATHS = NO;
				CLANG_CXX_LANGUAGE_STANDARD = "gnu++0x";
				CLANG_CXX_LIBRARY = "libc++";
				CLANG_ENABLE_MODULES = YES;
				CLANG_ENABLE_OBJC_ARC = YES;
				CLANG_WARN_BOOL_CONVERSION = YES;
				CLANG_WARN_CONSTANT_CONVERSION = YES;
				CLANG_WARN_DIRECT_OBJC_ISA_USAGE = YES_ERROR;
				CLANG_WARN_EMPTY_BODY = YES;
				CLANG_WARN_ENUM_CONVERSION = YES;
				CLANG_WARN_INT_CONVERSION = YES;
				CLANG_WARN_OBJC_ROOT_CLASS = YES_ERROR;
				CLANG_WARN_UNREACHABLE_CODE = YES;
				CLANG_WARN__DUPLICATE_METHOD_MATCH = YES;
				"CODE_SIGN_IDENTITY[sdk=iphoneos*]" = "iPhone Developer";
				COPY_PHASE_STRIP = NO;
				DEBUG_INFORMATION_FORMAT = dwarf;
				ENABLE_STRICT_OBJC_MSGSEND = YES;
				ENABLE_TESTABILITY = YES;
				GCC_C_LANGUAGE_STANDARD = gnu99;
				GCC_DYNAMIC_NO_PIC = NO;
				GCC_NO_COMMON_BLOCKS = YES;
				GCC_OPTIMIZATION_LEVEL = 0;
				GCC_PREPROCESSOR_DEFINITIONS = (
					"DEBUG=1",
					"$(inherited)",
				);
				GCC_WARN_64_TO_32_BIT_CONVERSION = YES;
				GCC_WARN_ABOUT_RETURN_TYPE = YES_ERROR;
				GCC_WARN_UNDECLARED_SELECTOR = YES;
				GCC_WARN_UNINITIALIZED_AUTOS = YES_AGGRESSIVE;
				GCC_WARN_UNUSED_FUNCTION = YES;
				GCC_WARN_UNUSED_VARIABLE = YES;
				IPHONEOS_DEPLOYMENT_TARGET = 9.1;
				MTL_ENABLE_DEBUG_INFO = YES;
				ONLY_ACTIVE_ARCH = YES;
				SDKROOT = iphoneos;
				SWIFT_OPTIMIZATION_LEVEL = "-Onone";
				TARGETED_DEVICE_FAMILY = "1,2";
			};
			name = Debug;
		};
		A4482E791C032E07005ED555 /* Release */ = {
			isa = XCBuildConfiguration;
			buildSettings = {
				ALWAYS_SEARCH_USER_PATHS = NO;
				CLANG_CXX_LANGUAGE_STANDARD = "gnu++0x";
				CLANG_CXX_LIBRARY = "libc++";
				CLANG_ENABLE_MODULES = YES;
				CLANG_ENABLE_OBJC_ARC = YES;
				CLANG_WARN_BOOL_CONVERSION = YES;
				CLANG_WARN_CONSTANT_CONVERSION = YES;
				CLANG_WARN_DIRECT_OBJC_ISA_USAGE = YES_ERROR;
				CLANG_WARN_EMPTY_BODY = YES;
				CLANG_WARN_ENUM_CONVERSION = YES;
				CLANG_WARN_INT_CONVERSION = YES;
				CLANG_WARN_OBJC_ROOT_CLASS = YES_ERROR;
				CLANG_WARN_UNREACHABLE_CODE = YES;
				CLANG_WARN__DUPLICATE_METHOD_MATCH = YES;
				"CODE_SIGN_IDENTITY[sdk=iphoneos*]" = "iPhone Developer";
				COPY_PHASE_STRIP = NO;
				DEBUG_INFORMATION_FORMAT = "dwarf-with-dsym";
				ENABLE_NS_ASSERTIONS = NO;
				ENABLE_STRICT_OBJC_MSGSEND = YES;
				GCC_C_LANGUAGE_STANDARD = gnu99;
				GCC_NO_COMMON_BLOCKS = YES;
				GCC_WARN_64_TO_32_BIT_CONVERSION = YES;
				GCC_WARN_ABOUT_RETURN_TYPE = YES_ERROR;
				GCC_WARN_UNDECLARED_SELECTOR = YES;
				GCC_WARN_UNINITIALIZED_AUTOS = YES_AGGRESSIVE;
				GCC_WARN_UNUSED_FUNCTION = YES;
				GCC_WARN_UNUSED_VARIABLE = YES;
				IPHONEOS_DEPLOYMENT_TARGET = 9.1;
				MTL_ENABLE_DEBUG_INFO = NO;
				SDKROOT = iphoneos;
				TARGETED_DEVICE_FAMILY = "1,2";
				VALIDATE_PRODUCT = YES;
			};
			name = Release;
		};
		A4482E7B1C032E07005ED555 /* Debug */ = {
			isa = XCBuildConfiguration;
			buildSettings = {
				ASSETCATALOG_COMPILER_APPICON_NAME = AppIcon;
				INFOPLIST_FILE = AdjustableNavigationBar/Info.plist;
				LD_RUNPATH_SEARCH_PATHS = "$(inherited) @executable_path/Frameworks";
				PRODUCT_BUNDLE_IDENTIFIER = com.Broccoli.AdjustableNavigationBar;
				PRODUCT_NAME = "$(TARGET_NAME)";
			};
			name = Debug;
		};
		A4482E7C1C032E07005ED555 /* Release */ = {
			isa = XCBuildConfiguration;
			buildSettings = {
				ASSETCATALOG_COMPILER_APPICON_NAME = AppIcon;
				INFOPLIST_FILE = AdjustableNavigationBar/Info.plist;
				LD_RUNPATH_SEARCH_PATHS = "$(inherited) @executable_path/Frameworks";
				PRODUCT_BUNDLE_IDENTIFIER = com.Broccoli.AdjustableNavigationBar;
				PRODUCT_NAME = "$(TARGET_NAME)";
			};
			name = Release;
		};
/* End XCBuildConfiguration section */

/* Begin XCConfigurationList section */
		A4482E631C032E07005ED555 /* Build configuration list for PBXProject "AdjustableNavigationBar" */ = {
			isa = XCConfigurationList;
			buildConfigurations = (
				A4482E781C032E07005ED555 /* Debug */,
				A4482E791C032E07005ED555 /* Release */,
			);
			defaultConfigurationIsVisible = 0;
			defaultConfigurationName = Release;
		};
		A4482E7A1C032E07005ED555 /* Build configuration list for PBXNativeTarget "AdjustableNavigationBar" */ = {
			isa = XCConfigurationList;
			buildConfigurations = (
				A4482E7B1C032E07005ED555 /* Debug */,
				A4482E7C1C032E07005ED555 /* Release */,
			);
			defaultConfigurationIsVisible = 0;
		};
/* End XCConfigurationList section */
	};
	rootObject = A4482E601C032E07005ED555 /* Project object */;
}
